{
  "version": 4,
  "terraform_version": "1.7.5",
  "serial": 3,
  "lineage": "65e39228-aa74-fe37-6b21-c53d2573c362",
  "outputs": {
    "names": {
      "value": [
        "test-rg-sanan",
        "1957645556740571036"
      ],
      "type": [
        "tuple",
        [
          "string",
          "string"
        ]
      ]
    }
  },
  "resources": [
    {
      "mode": "managed",
      "type": "azurerm_resource_group",
      "name": "test_rg",
      "provider": "provider[\"registry.terraform.io/hashicorp/azurerm\"]",
      "instances": [
        {
          "schema_version": 0,
          "attributes": {
            "id": "/subscriptions/fc8d1c71-f833-4ace-a48b-937a72159ada/resourceGroups/test-rg-sanan",
            "location": "australiasoutheast",
            "managed_by": "",
            "name": "test-rg-sanan",
            "tags": {
              "Application": "'tbc'",
              "CostCentre": "'tbc'",
              "Environment": "'tbc'",
              "ManagedBy": "'tbc'",
              "Owner": "'tbc'",
              "Support": "'tbc'"
            },
            "timeouts": null
          },
          "sensitive_attributes": [],
          "private": "eyJlMmJmYjczMC1lY2FhLTExZTYtOGY4OC0zNDM2M2JjN2M0YzAiOnsiY3JlYXRlIjo1NDAwMDAwMDAwMDAwLCJkZWxldGUiOjU0MDAwMDAwMDAwMDAsInJlYWQiOjMwMDAwMDAwMDAwMCwidXBkYXRlIjo1NDAwMDAwMDAwMDAwfX0="
        }
      ]
    },
    {
      "module": "module.null",
      "mode": "managed",
      "type": "null_resource",
      "name": "resource",
      "provider": "provider[\"registry.terraform.io/hashicorp/null\"]",
      "instances": [
        {
          "schema_version": 0,
          "attributes": {
            "id": "1957645556740571036",
            "triggers": {
              "number": "one"
            }
          },
          "sensitive_attributes": []
        }
      ]
    }
  ],
  "check_results": null
}
